// !$*UTF8*$!
{
	archiveVersion = 1;
	classes = {
	};
	objectVersion = 56;
	objects = {

/* Begin PBXBuildFile section */
		C80852532C19B42D00BAE1A7 /* WebViewPresenter.swift in Sources */ = {isa = PBXBuildFile; fileRef = C80852522C19B42D00BAE1A7 /* WebViewPresenter.swift */; };
		C80852552C1D9A6E00BAE1A7 /* AuthHelper.swift in Sources */ = {isa = PBXBuildFile; fileRef = C80852542C1D9A6E00BAE1A7 /* AuthHelper.swift */; };
		C808525D2C1DA0C000BAE1A7 /* ImageFeedTests.swift in Sources */ = {isa = PBXBuildFile; fileRef = C808525C2C1DA0C000BAE1A7 /* ImageFeedTests.swift */; };
		C80852662C1DA25800BAE1A7 /* WebViewPresenterSpy.swift in Sources */ = {isa = PBXBuildFile; fileRef = C80852652C1DA25800BAE1A7 /* WebViewPresenterSpy.swift */; };
		C80852682C1DA6E700BAE1A7 /* WebViewViewControllerSpy.swift in Sources */ = {isa = PBXBuildFile; fileRef = C80852672C1DA6E700BAE1A7 /* WebViewViewControllerSpy.swift */; };
		C80852702C1DB17D00BAE1A7 /* ImageFeedUITests.swift in Sources */ = {isa = PBXBuildFile; fileRef = C808526F2C1DB17D00BAE1A7 /* ImageFeedUITests.swift */; };
		C80852722C1DB17D00BAE1A7 /* ImageFeedUITestsLaunchTests.swift in Sources */ = {isa = PBXBuildFile; fileRef = C80852712C1DB17D00BAE1A7 /* ImageFeedUITestsLaunchTests.swift */; };
		C80852792C22EEA600BAE1A7 /* ProfilePresenter.swift in Sources */ = {isa = PBXBuildFile; fileRef = C80852782C22EEA600BAE1A7 /* ProfilePresenter.swift */; };
		C808527B2C2429D300BAE1A7 /* ImageListPresenter.swift in Sources */ = {isa = PBXBuildFile; fileRef = C808527A2C2429D300BAE1A7 /* ImageListPresenter.swift */; };
		C808527F2C246DE200BAE1A7 /* ImagesListPresenterStub.swift in Sources */ = {isa = PBXBuildFile; fileRef = C808527E2C246DE200BAE1A7 /* ImagesListPresenterStub.swift */; };
		C80852812C246E7800BAE1A7 /* ImagesListPresenterSpy.swift in Sources */ = {isa = PBXBuildFile; fileRef = C80852802C246E7800BAE1A7 /* ImagesListPresenterSpy.swift */; };
		C80852832C24711300BAE1A7 /* ImageListViewControllerTests.swift in Sources */ = {isa = PBXBuildFile; fileRef = C80852822C24711300BAE1A7 /* ImageListViewControllerTests.swift */; };
		C8260A902B80F7DE0045A798 /* AppDelegate.swift in Sources */ = {isa = PBXBuildFile; fileRef = C8260A8F2B80F7DE0045A798 /* AppDelegate.swift */; };
		C8260A922B80F7DE0045A798 /* SceneDelegate.swift in Sources */ = {isa = PBXBuildFile; fileRef = C8260A912B80F7DE0045A798 /* SceneDelegate.swift */; };
		C8260A942B80F7DE0045A798 /* ImagesListViewController.swift in Sources */ = {isa = PBXBuildFile; fileRef = C8260A932B80F7DE0045A798 /* ImagesListViewController.swift */; };
		C8260A972B80F7DE0045A798 /* Main.storyboard in Resources */ = {isa = PBXBuildFile; fileRef = C8260A952B80F7DE0045A798 /* Main.storyboard */; };
		C8260A992B80F7DF0045A798 /* Assets.xcassets in Resources */ = {isa = PBXBuildFile; fileRef = C8260A982B80F7DF0045A798 /* Assets.xcassets */; };
		C8260A9C2B80F7DF0045A798 /* LaunchScreen.storyboard in Resources */ = {isa = PBXBuildFile; fileRef = C8260A9A2B80F7DF0045A798 /* LaunchScreen.storyboard */; };
		C8260AC42B83D29B0045A798 /* ImagesListCell.swift in Sources */ = {isa = PBXBuildFile; fileRef = C8260AC32B83D29B0045A798 /* ImagesListCell.swift */; };
		C82714552BE3AA0900A54CF6 /* Kingfisher in Frameworks */ = {isa = PBXBuildFile; productRef = C82714542BE3AA0900A54CF6 /* Kingfisher */; };
		C82714582BE3B7D600A54CF6 /* SwiftKeychainWrapper in Frameworks */ = {isa = PBXBuildFile; productRef = C82714572BE3B7D600A54CF6 /* SwiftKeychainWrapper */; };
		C827145B2BE3BBF100A54CF6 /* TabBarController.swift in Sources */ = {isa = PBXBuildFile; fileRef = C827145A2BE3BBF100A54CF6 /* TabBarController.swift */; };
		C8347AD32C15E69E007BD893 /* AlertModals.swift in Sources */ = {isa = PBXBuildFile; fileRef = C8347AD22C15E69E007BD893 /* AlertModals.swift */; };
		C869D9002C24892F000DB992 /* ProfileViewSpy.swift in Sources */ = {isa = PBXBuildFile; fileRef = C869D8FF2C24892F000DB992 /* ProfileViewSpy.swift */; };
		C869D9022C248972000DB992 /* ProfilePresenterTests.swift in Sources */ = {isa = PBXBuildFile; fileRef = C869D9012C248972000DB992 /* ProfilePresenterTests.swift */; };
		C86AB5F92BF8A10100B3720C /* ImagesListService.swift in Sources */ = {isa = PBXBuildFile; fileRef = C86AB5F82BF8A10100B3720C /* ImagesListService.swift */; };
		C86AB5FC2BF8A1AF00B3720C /* Photo.swift in Sources */ = {isa = PBXBuildFile; fileRef = C86AB5FB2BF8A1AF00B3720C /* Photo.swift */; };
		C86AB5FE2BF8A4F400B3720C /* PhotoResult.swift in Sources */ = {isa = PBXBuildFile; fileRef = C86AB5FD2BF8A4F400B3720C /* PhotoResult.swift */; };
		C89A90F02C0DC72F00BF90C8 /* ProfileLogoutService.swift in Sources */ = {isa = PBXBuildFile; fileRef = C89A90EF2C0DC72F00BF90C8 /* ProfileLogoutService.swift */; };
		C8A37A3F2BDB8E3400D5D0A3 /* ProgressHUD in Frameworks */ = {isa = PBXBuildFile; productRef = C8A37A3E2BDB8E3400D5D0A3 /* ProgressHUD */; };
		C8A37A412BDBCB7400D5D0A3 /* UIBlockingProgressHUD.swift in Sources */ = {isa = PBXBuildFile; fileRef = C8A37A402BDBCB7400D5D0A3 /* UIBlockingProgressHUD.swift */; };
		C8A37A432BDBCE7200D5D0A3 /* ProfileService.swift in Sources */ = {isa = PBXBuildFile; fileRef = C8A37A422BDBCE7200D5D0A3 /* ProfileService.swift */; };
		C8A37A472BDBCF5200D5D0A3 /* ProfileResult.swift in Sources */ = {isa = PBXBuildFile; fileRef = C8A37A462BDBCF5200D5D0A3 /* ProfileResult.swift */; };
		C8A37A492BDBD41B00D5D0A3 /* Profile.swift in Sources */ = {isa = PBXBuildFile; fileRef = C8A37A482BDBD41B00D5D0A3 /* Profile.swift */; };
		C8A9C63C2BC6C4CF00CDACD5 /* SF-Pro.ttf in Resources */ = {isa = PBXBuildFile; fileRef = C86F58882BC6BD7200837C23 /* SF-Pro.ttf */; };
		C8A9C63E2BC6CFDD00CDACD5 /* WebViewViewController.swift in Sources */ = {isa = PBXBuildFile; fileRef = C8A9C63D2BC6CFDD00CDACD5 /* WebViewViewController.swift */; };
		C8B4CDB02BDE4F3800B81782 /* URLSessionExtension.swift in Sources */ = {isa = PBXBuildFile; fileRef = C8B4CDAF2BDE4F3800B81782 /* URLSessionExtension.swift */; };
		C8B4CDB22BE10CD700B81782 /* ProfileImageService.swift in Sources */ = {isa = PBXBuildFile; fileRef = C8B4CDB12BE10CD700B81782 /* ProfileImageService.swift */; };
		C8B4CDB42BE10D3100B81782 /* ProfileImage.swift in Sources */ = {isa = PBXBuildFile; fileRef = C8B4CDB32BE10D3100B81782 /* ProfileImage.swift */; };
		C8C6D1B12B95F59800C73FCD /* ProfileViewController.swift in Sources */ = {isa = PBXBuildFile; fileRef = C8C6D1B02B95F59800C73FCD /* ProfileViewController.swift */; };
		C8D3FA162BD01D7F00427256 /* SplashViewController.swift in Sources */ = {isa = PBXBuildFile; fileRef = C8D3FA152BD01D7F00427256 /* SplashViewController.swift */; };
		C8D3FA1A2BD1465200427256 /* NetworkError.swift in Sources */ = {isa = PBXBuildFile; fileRef = C8D3FA192BD1465200427256 /* NetworkError.swift */; };
		C8E5694D2BCEA421007582EB /* OAuth2Service.swift in Sources */ = {isa = PBXBuildFile; fileRef = C8E5694C2BCEA421007582EB /* OAuth2Service.swift */; };
		C8E569522BCFF12D007582EB /* OAuthTokenResponseBody.swift in Sources */ = {isa = PBXBuildFile; fileRef = C8E569512BCFF12D007582EB /* OAuthTokenResponseBody.swift */; };
		C8E569542BCFF4D4007582EB /* OAuth2TokenStorage.swift in Sources */ = {isa = PBXBuildFile; fileRef = C8E569532BCFF4D4007582EB /* OAuth2TokenStorage.swift */; };
		C8F5C3C02BA0B6C20036AD4F /* SingleImageViewController.swift in Sources */ = {isa = PBXBuildFile; fileRef = C8F5C3BF2BA0B6C20036AD4F /* SingleImageViewController.swift */; };
		C8F62DD52BC415540056D4E3 /* AuthConfiguration.swift in Sources */ = {isa = PBXBuildFile; fileRef = C8F62DD42BC415540056D4E3 /* AuthConfiguration.swift */; };
		C8F62DD82BC6A7D90056D4E3 /* AuthViewController.swift in Sources */ = {isa = PBXBuildFile; fileRef = C8F62DD72BC6A7D90056D4E3 /* AuthViewController.swift */; };
/* End PBXBuildFile section */

/* Begin PBXContainerItemProxy section */
		C808525E2C1DA0C000BAE1A7 /* PBXContainerItemProxy */ = {
			isa = PBXContainerItemProxy;
			containerPortal = C8260A842B80F7DE0045A798 /* Project object */;
			proxyType = 1;
			remoteGlobalIDString = C8260A8B2B80F7DE0045A798;
			remoteInfo = ImageFeed;
		};
		C80852732C1DB17D00BAE1A7 /* PBXContainerItemProxy */ = {
			isa = PBXContainerItemProxy;
			containerPortal = C8260A842B80F7DE0045A798 /* Project object */;
			proxyType = 1;
			remoteGlobalIDString = C8260A8B2B80F7DE0045A798;
			remoteInfo = ImageFeed;
		};
/* End PBXContainerItemProxy section */

/* Begin PBXFileReference section */
		C80852522C19B42D00BAE1A7 /* WebViewPresenter.swift */ = {isa = PBXFileReference; lastKnownFileType = sourcecode.swift; path = WebViewPresenter.swift; sourceTree = "<group>"; };
		C80852542C1D9A6E00BAE1A7 /* AuthHelper.swift */ = {isa = PBXFileReference; lastKnownFileType = sourcecode.swift; path = AuthHelper.swift; sourceTree = "<group>"; };
		C808525A2C1DA0C000BAE1A7 /* ImageFeedTests.xctest */ = {isa = PBXFileReference; explicitFileType = wrapper.cfbundle; includeInIndex = 0; path = ImageFeedTests.xctest; sourceTree = BUILT_PRODUCTS_DIR; };
		C808525C2C1DA0C000BAE1A7 /* ImageFeedTests.swift */ = {isa = PBXFileReference; lastKnownFileType = sourcecode.swift; path = ImageFeedTests.swift; sourceTree = "<group>"; };
		C80852652C1DA25800BAE1A7 /* WebViewPresenterSpy.swift */ = {isa = PBXFileReference; lastKnownFileType = sourcecode.swift; path = WebViewPresenterSpy.swift; sourceTree = "<group>"; };
		C80852672C1DA6E700BAE1A7 /* WebViewViewControllerSpy.swift */ = {isa = PBXFileReference; lastKnownFileType = sourcecode.swift; path = WebViewViewControllerSpy.swift; sourceTree = "<group>"; };
		C808526D2C1DB17D00BAE1A7 /* ImageFeedUITests.xctest */ = {isa = PBXFileReference; explicitFileType = wrapper.cfbundle; includeInIndex = 0; path = ImageFeedUITests.xctest; sourceTree = BUILT_PRODUCTS_DIR; };
		C808526F2C1DB17D00BAE1A7 /* ImageFeedUITests.swift */ = {isa = PBXFileReference; lastKnownFileType = sourcecode.swift; path = ImageFeedUITests.swift; sourceTree = "<group>"; };
		C80852712C1DB17D00BAE1A7 /* ImageFeedUITestsLaunchTests.swift */ = {isa = PBXFileReference; lastKnownFileType = sourcecode.swift; path = ImageFeedUITestsLaunchTests.swift; sourceTree = "<group>"; };
		C80852782C22EEA600BAE1A7 /* ProfilePresenter.swift */ = {isa = PBXFileReference; lastKnownFileType = sourcecode.swift; path = ProfilePresenter.swift; sourceTree = "<group>"; };
		C808527A2C2429D300BAE1A7 /* ImageListPresenter.swift */ = {isa = PBXFileReference; lastKnownFileType = sourcecode.swift; path = ImageListPresenter.swift; sourceTree = "<group>"; };
		C808527E2C246DE200BAE1A7 /* ImagesListPresenterStub.swift */ = {isa = PBXFileReference; lastKnownFileType = sourcecode.swift; path = ImagesListPresenterStub.swift; sourceTree = "<group>"; };
		C80852802C246E7800BAE1A7 /* ImagesListPresenterSpy.swift */ = {isa = PBXFileReference; lastKnownFileType = sourcecode.swift; path = ImagesListPresenterSpy.swift; sourceTree = "<group>"; };
		C80852822C24711300BAE1A7 /* ImageListViewControllerTests.swift */ = {isa = PBXFileReference; lastKnownFileType = sourcecode.swift; path = ImageListViewControllerTests.swift; sourceTree = "<group>"; };
		C8260A8C2B80F7DE0045A798 /* ImageFeed.app */ = {isa = PBXFileReference; explicitFileType = wrapper.application; includeInIndex = 0; path = ImageFeed.app; sourceTree = BUILT_PRODUCTS_DIR; };
		C8260A8F2B80F7DE0045A798 /* AppDelegate.swift */ = {isa = PBXFileReference; lastKnownFileType = sourcecode.swift; path = AppDelegate.swift; sourceTree = "<group>"; };
		C8260A912B80F7DE0045A798 /* SceneDelegate.swift */ = {isa = PBXFileReference; lastKnownFileType = sourcecode.swift; path = SceneDelegate.swift; sourceTree = "<group>"; };
		C8260A932B80F7DE0045A798 /* ImagesListViewController.swift */ = {isa = PBXFileReference; lastKnownFileType = sourcecode.swift; path = ImagesListViewController.swift; sourceTree = "<group>"; };
		C8260A962B80F7DE0045A798 /* Base */ = {isa = PBXFileReference; lastKnownFileType = file.storyboard; name = Base; path = Base.lproj/Main.storyboard; sourceTree = "<group>"; };
		C8260A982B80F7DF0045A798 /* Assets.xcassets */ = {isa = PBXFileReference; lastKnownFileType = folder.assetcatalog; path = Assets.xcassets; sourceTree = "<group>"; };
		C8260A9B2B80F7DF0045A798 /* Base */ = {isa = PBXFileReference; lastKnownFileType = file.storyboard; name = Base; path = Base.lproj/LaunchScreen.storyboard; sourceTree = "<group>"; };
		C8260A9D2B80F7DF0045A798 /* Info.plist */ = {isa = PBXFileReference; lastKnownFileType = text.plist.xml; path = Info.plist; sourceTree = "<group>"; };
		C8260AC32B83D29B0045A798 /* ImagesListCell.swift */ = {isa = PBXFileReference; lastKnownFileType = sourcecode.swift; path = ImagesListCell.swift; sourceTree = "<group>"; };
		C827145A2BE3BBF100A54CF6 /* TabBarController.swift */ = {isa = PBXFileReference; lastKnownFileType = sourcecode.swift; path = TabBarController.swift; sourceTree = "<group>"; };
		C8347AD22C15E69E007BD893 /* AlertModals.swift */ = {isa = PBXFileReference; lastKnownFileType = sourcecode.swift; path = AlertModals.swift; sourceTree = "<group>"; };
		C869D8FF2C24892F000DB992 /* ProfileViewSpy.swift */ = {isa = PBXFileReference; lastKnownFileType = sourcecode.swift; path = ProfileViewSpy.swift; sourceTree = "<group>"; };
		C869D9012C248972000DB992 /* ProfilePresenterTests.swift */ = {isa = PBXFileReference; lastKnownFileType = sourcecode.swift; path = ProfilePresenterTests.swift; sourceTree = "<group>"; };
		C86AB5F82BF8A10100B3720C /* ImagesListService.swift */ = {isa = PBXFileReference; lastKnownFileType = sourcecode.swift; path = ImagesListService.swift; sourceTree = "<group>"; };
		C86AB5FB2BF8A1AF00B3720C /* Photo.swift */ = {isa = PBXFileReference; lastKnownFileType = sourcecode.swift; path = Photo.swift; sourceTree = "<group>"; };
		C86AB5FD2BF8A4F400B3720C /* PhotoResult.swift */ = {isa = PBXFileReference; lastKnownFileType = sourcecode.swift; path = PhotoResult.swift; sourceTree = "<group>"; };
		C86F58882BC6BD7200837C23 /* SF-Pro.ttf */ = {isa = PBXFileReference; lastKnownFileType = file; path = "SF-Pro.ttf"; sourceTree = "<group>"; };
		C89A90EF2C0DC72F00BF90C8 /* ProfileLogoutService.swift */ = {isa = PBXFileReference; lastKnownFileType = sourcecode.swift; path = ProfileLogoutService.swift; sourceTree = "<group>"; };
		C8A37A402BDBCB7400D5D0A3 /* UIBlockingProgressHUD.swift */ = {isa = PBXFileReference; lastKnownFileType = sourcecode.swift; path = UIBlockingProgressHUD.swift; sourceTree = "<group>"; };
		C8A37A422BDBCE7200D5D0A3 /* ProfileService.swift */ = {isa = PBXFileReference; lastKnownFileType = sourcecode.swift; path = ProfileService.swift; sourceTree = "<group>"; };
		C8A37A462BDBCF5200D5D0A3 /* ProfileResult.swift */ = {isa = PBXFileReference; lastKnownFileType = sourcecode.swift; path = ProfileResult.swift; sourceTree = "<group>"; };
		C8A37A482BDBD41B00D5D0A3 /* Profile.swift */ = {isa = PBXFileReference; lastKnownFileType = sourcecode.swift; path = Profile.swift; sourceTree = "<group>"; };
		C8A9C63D2BC6CFDD00CDACD5 /* WebViewViewController.swift */ = {isa = PBXFileReference; lastKnownFileType = sourcecode.swift; path = WebViewViewController.swift; sourceTree = "<group>"; };
		C8B4CDAF2BDE4F3800B81782 /* URLSessionExtension.swift */ = {isa = PBXFileReference; lastKnownFileType = sourcecode.swift; path = URLSessionExtension.swift; sourceTree = "<group>"; };
		C8B4CDB12BE10CD700B81782 /* ProfileImageService.swift */ = {isa = PBXFileReference; lastKnownFileType = sourcecode.swift; path = ProfileImageService.swift; sourceTree = "<group>"; };
		C8B4CDB32BE10D3100B81782 /* ProfileImage.swift */ = {isa = PBXFileReference; lastKnownFileType = sourcecode.swift; path = ProfileImage.swift; sourceTree = "<group>"; };
		C8C6D1B02B95F59800C73FCD /* ProfileViewController.swift */ = {isa = PBXFileReference; lastKnownFileType = sourcecode.swift; path = ProfileViewController.swift; sourceTree = "<group>"; };
		C8D3FA152BD01D7F00427256 /* SplashViewController.swift */ = {isa = PBXFileReference; lastKnownFileType = sourcecode.swift; path = SplashViewController.swift; sourceTree = "<group>"; };
		C8D3FA192BD1465200427256 /* NetworkError.swift */ = {isa = PBXFileReference; lastKnownFileType = sourcecode.swift; path = NetworkError.swift; sourceTree = "<group>"; };
		C8E5694C2BCEA421007582EB /* OAuth2Service.swift */ = {isa = PBXFileReference; lastKnownFileType = sourcecode.swift; path = OAuth2Service.swift; sourceTree = "<group>"; };
		C8E569512BCFF12D007582EB /* OAuthTokenResponseBody.swift */ = {isa = PBXFileReference; lastKnownFileType = sourcecode.swift; path = OAuthTokenResponseBody.swift; sourceTree = "<group>"; };
		C8E569532BCFF4D4007582EB /* OAuth2TokenStorage.swift */ = {isa = PBXFileReference; lastKnownFileType = sourcecode.swift; path = OAuth2TokenStorage.swift; sourceTree = "<group>"; };
		C8F5C3BF2BA0B6C20036AD4F /* SingleImageViewController.swift */ = {isa = PBXFileReference; lastKnownFileType = sourcecode.swift; path = SingleImageViewController.swift; sourceTree = "<group>"; };
		C8F62DD42BC415540056D4E3 /* AuthConfiguration.swift */ = {isa = PBXFileReference; lastKnownFileType = sourcecode.swift; path = AuthConfiguration.swift; sourceTree = "<group>"; };
		C8F62DD72BC6A7D90056D4E3 /* AuthViewController.swift */ = {isa = PBXFileReference; lastKnownFileType = sourcecode.swift; path = AuthViewController.swift; sourceTree = "<group>"; };
/* End PBXFileReference section */

/* Begin PBXFrameworksBuildPhase section */
		C80852572C1DA0C000BAE1A7 /* Frameworks */ = {
			isa = PBXFrameworksBuildPhase;
			buildActionMask = 2147483647;
			files = (
			);
			runOnlyForDeploymentPostprocessing = 0;
		};
		C808526A2C1DB17D00BAE1A7 /* Frameworks */ = {
			isa = PBXFrameworksBuildPhase;
			buildActionMask = 2147483647;
			files = (
			);
			runOnlyForDeploymentPostprocessing = 0;
		};
		C8260A892B80F7DE0045A798 /* Frameworks */ = {
			isa = PBXFrameworksBuildPhase;
			buildActionMask = 2147483647;
			files = (
				C82714552BE3AA0900A54CF6 /* Kingfisher in Frameworks */,
				C8A37A3F2BDB8E3400D5D0A3 /* ProgressHUD in Frameworks */,
				C82714582BE3B7D600A54CF6 /* SwiftKeychainWrapper in Frameworks */,
			);
			runOnlyForDeploymentPostprocessing = 0;
		};
/* End PBXFrameworksBuildPhase section */

/* Begin PBXGroup section */
		C808525B2C1DA0C000BAE1A7 /* ImageFeedTests */ = {
			isa = PBXGroup;
			children = (
				C869D8FC2C2488B8000DB992 /* Profile */,
				C808527D2C246D7000BAE1A7 /* ImageList */,
				C808527C2C24675800BAE1A7 /* WebView */,
			);
			path = ImageFeedTests;
			sourceTree = "<group>";
		};
		C808526E2C1DB17D00BAE1A7 /* ImageFeedUITests */ = {
			isa = PBXGroup;
			children = (
				C808526F2C1DB17D00BAE1A7 /* ImageFeedUITests.swift */,
				C80852712C1DB17D00BAE1A7 /* ImageFeedUITestsLaunchTests.swift */,
			);
			path = ImageFeedUITests;
			sourceTree = "<group>";
		};
		C808527C2C24675800BAE1A7 /* WebView */ = {
			isa = PBXGroup;
			children = (
				C808525C2C1DA0C000BAE1A7 /* ImageFeedTests.swift */,
				C80852672C1DA6E700BAE1A7 /* WebViewViewControllerSpy.swift */,
				C80852652C1DA25800BAE1A7 /* WebViewPresenterSpy.swift */,
			);
			path = WebView;
			sourceTree = "<group>";
		};
		C808527D2C246D7000BAE1A7 /* ImageList */ = {
			isa = PBXGroup;
			children = (
				C808527E2C246DE200BAE1A7 /* ImagesListPresenterStub.swift */,
				C80852802C246E7800BAE1A7 /* ImagesListPresenterSpy.swift */,
				C80852822C24711300BAE1A7 /* ImageListViewControllerTests.swift */,
			);
			path = ImageList;
			sourceTree = "<group>";
		};
		C8260A832B80F7DE0045A798 = {
			isa = PBXGroup;
			children = (
				C8260A8E2B80F7DE0045A798 /* ImageFeed */,
				C808525B2C1DA0C000BAE1A7 /* ImageFeedTests */,
				C808526E2C1DB17D00BAE1A7 /* ImageFeedUITests */,
				C8260A8D2B80F7DE0045A798 /* Products */,
			);
			sourceTree = "<group>";
		};
		C8260A8D2B80F7DE0045A798 /* Products */ = {
			isa = PBXGroup;
			children = (
				C8260A8C2B80F7DE0045A798 /* ImageFeed.app */,
				C808525A2C1DA0C000BAE1A7 /* ImageFeedTests.xctest */,
				C808526D2C1DB17D00BAE1A7 /* ImageFeedUITests.xctest */,
			);
			name = Products;
			sourceTree = "<group>";
		};
		C8260A8E2B80F7DE0045A798 /* ImageFeed */ = {
			isa = PBXGroup;
			children = (
				C82714592BE3BBD600A54CF6 /* TabBarController */,
				C8D3FA172BD01D8400427256 /* SplashViewController */,
				C8E569502BCFF11B007582EB /* Models */,
				C8E5694B2BCEA40E007582EB /* Services */,
				C8F62DD62BC6A7C60056D4E3 /* Auth */,
				C8F5C3C22BA0B9970036AD4F /* ImagesList */,
				C8F5C3C12BA0B98E0036AD4F /* Profile */,
				C8F5C3C32BA0B9A60036AD4F /* SingleImageView */,
				C8260A8F2B80F7DE0045A798 /* AppDelegate.swift */,
				C8260A912B80F7DE0045A798 /* SceneDelegate.swift */,
				C8260A952B80F7DE0045A798 /* Main.storyboard */,
				C8260A9A2B80F7DF0045A798 /* LaunchScreen.storyboard */,
				C8260A9D2B80F7DF0045A798 /* Info.plist */,
				C8260A982B80F7DF0045A798 /* Assets.xcassets */,
				C86F58862BC6BC0C00837C23 /* Resources */,
				C8D3FA182BD1463400427256 /* Helpers */,
			);
			path = ImageFeed;
			sourceTree = "<group>";
		};
		C82714592BE3BBD600A54CF6 /* TabBarController */ = {
			isa = PBXGroup;
			children = (
				C827145A2BE3BBF100A54CF6 /* TabBarController.swift */,
			);
			path = TabBarController;
			sourceTree = "<group>";
		};
		C869D8FC2C2488B8000DB992 /* Profile */ = {
			isa = PBXGroup;
			children = (
				C869D8FF2C24892F000DB992 /* ProfileViewSpy.swift */,
				C869D9012C248972000DB992 /* ProfilePresenterTests.swift */,
			);
			path = Profile;
			sourceTree = "<group>";
		};
		C86AB5F72BF8A0E700B3720C /* Services */ = {
			isa = PBXGroup;
			children = (
				C86AB5F82BF8A10100B3720C /* ImagesListService.swift */,
			);
			path = Services;
			sourceTree = "<group>";
		};
		C86AB5FA2BF8A19C00B3720C /* Models */ = {
			isa = PBXGroup;
			children = (
				C86AB5FB2BF8A1AF00B3720C /* Photo.swift */,
				C86AB5FD2BF8A4F400B3720C /* PhotoResult.swift */,
			);
			path = Models;
			sourceTree = "<group>";
		};
		C86F58862BC6BC0C00837C23 /* Resources */ = {
			isa = PBXGroup;
			children = (
				C86F58872BC6BD2500837C23 /* SF Pro Fonts */,
			);
			path = Resources;
			sourceTree = "<group>";
		};
		C86F58872BC6BD2500837C23 /* SF Pro Fonts */ = {
			isa = PBXGroup;
			children = (
				C86F58882BC6BD7200837C23 /* SF-Pro.ttf */,
			);
			path = "SF Pro Fonts";
			sourceTree = "<group>";
		};
		C8A37A442BDBCF0F00D5D0A3 /* Services */ = {
			isa = PBXGroup;
			children = (
				C8A37A422BDBCE7200D5D0A3 /* ProfileService.swift */,
				C8B4CDB12BE10CD700B81782 /* ProfileImageService.swift */,
				C89A90EF2C0DC72F00BF90C8 /* ProfileLogoutService.swift */,
			);
			path = Services;
			sourceTree = "<group>";
		};
		C8A37A452BDBCF2000D5D0A3 /* Models */ = {
			isa = PBXGroup;
			children = (
				C8A37A462BDBCF5200D5D0A3 /* ProfileResult.swift */,
				C8A37A482BDBD41B00D5D0A3 /* Profile.swift */,
				C8B4CDB32BE10D3100B81782 /* ProfileImage.swift */,
			);
			path = Models;
			sourceTree = "<group>";
		};
		C8D3FA172BD01D8400427256 /* SplashViewController */ = {
			isa = PBXGroup;
			children = (
				C8D3FA152BD01D7F00427256 /* SplashViewController.swift */,
			);
			path = SplashViewController;
			sourceTree = "<group>";
		};
		C8D3FA182BD1463400427256 /* Helpers */ = {
			isa = PBXGroup;
			children = (
				C8F62DD42BC415540056D4E3 /* AuthConfiguration.swift */,
				C8D3FA192BD1465200427256 /* NetworkError.swift */,
				C8A37A402BDBCB7400D5D0A3 /* UIBlockingProgressHUD.swift */,
				C8B4CDAF2BDE4F3800B81782 /* URLSessionExtension.swift */,
				C8347AD22C15E69E007BD893 /* AlertModals.swift */,
			);
			path = Helpers;
			sourceTree = "<group>";
		};
		C8E5694B2BCEA40E007582EB /* Services */ = {
			isa = PBXGroup;
			children = (
				C8E5694C2BCEA421007582EB /* OAuth2Service.swift */,
				C8E569532BCFF4D4007582EB /* OAuth2TokenStorage.swift */,
			);
			path = Services;
			sourceTree = "<group>";
		};
		C8E569502BCFF11B007582EB /* Models */ = {
			isa = PBXGroup;
			children = (
				C8E569512BCFF12D007582EB /* OAuthTokenResponseBody.swift */,
			);
			path = Models;
			sourceTree = "<group>";
		};
		C8F5C3C12BA0B98E0036AD4F /* Profile */ = {
			isa = PBXGroup;
			children = (
				C8A37A452BDBCF2000D5D0A3 /* Models */,
				C8A37A442BDBCF0F00D5D0A3 /* Services */,
				C8C6D1B02B95F59800C73FCD /* ProfileViewController.swift */,
				C80852782C22EEA600BAE1A7 /* ProfilePresenter.swift */,
			);
			path = Profile;
			sourceTree = "<group>";
		};
		C8F5C3C22BA0B9970036AD4F /* ImagesList */ = {
			isa = PBXGroup;
			children = (
				C86AB5FA2BF8A19C00B3720C /* Models */,
				C86AB5F72BF8A0E700B3720C /* Services */,
				C8260AC32B83D29B0045A798 /* ImagesListCell.swift */,
				C8260A932B80F7DE0045A798 /* ImagesListViewController.swift */,
				C808527A2C2429D300BAE1A7 /* ImageListPresenter.swift */,
			);
			path = ImagesList;
			sourceTree = "<group>";
		};
		C8F5C3C32BA0B9A60036AD4F /* SingleImageView */ = {
			isa = PBXGroup;
			children = (
				C8F5C3BF2BA0B6C20036AD4F /* SingleImageViewController.swift */,
			);
			path = SingleImageView;
			sourceTree = "<group>";
		};
		C8F62DD62BC6A7C60056D4E3 /* Auth */ = {
			isa = PBXGroup;
			children = (
				C8F62DD72BC6A7D90056D4E3 /* AuthViewController.swift */,
				C8A9C63D2BC6CFDD00CDACD5 /* WebViewViewController.swift */,
				C80852522C19B42D00BAE1A7 /* WebViewPresenter.swift */,
				C80852542C1D9A6E00BAE1A7 /* AuthHelper.swift */,
			);
			path = Auth;
			sourceTree = "<group>";
		};
/* End PBXGroup section */

/* Begin PBXNativeTarget section */
		C80852592C1DA0C000BAE1A7 /* ImageFeedTests */ = {
			isa = PBXNativeTarget;
			buildConfigurationList = C80852602C1DA0C000BAE1A7 /* Build configuration list for PBXNativeTarget "ImageFeedTests" */;
			buildPhases = (
				C80852562C1DA0C000BAE1A7 /* Sources */,
				C80852572C1DA0C000BAE1A7 /* Frameworks */,
				C80852582C1DA0C000BAE1A7 /* Resources */,
			);
			buildRules = (
			);
			dependencies = (
				C808525F2C1DA0C000BAE1A7 /* PBXTargetDependency */,
			);
			name = ImageFeedTests;
			productName = ImageFeedTests;
			productReference = C808525A2C1DA0C000BAE1A7 /* ImageFeedTests.xctest */;
			productType = "com.apple.product-type.bundle.unit-test";
		};
		C808526C2C1DB17D00BAE1A7 /* ImageFeedUITests */ = {
			isa = PBXNativeTarget;
			buildConfigurationList = C80852752C1DB17D00BAE1A7 /* Build configuration list for PBXNativeTarget "ImageFeedUITests" */;
			buildPhases = (
				C80852692C1DB17D00BAE1A7 /* Sources */,
				C808526A2C1DB17D00BAE1A7 /* Frameworks */,
				C808526B2C1DB17D00BAE1A7 /* Resources */,
			);
			buildRules = (
			);
			dependencies = (
				C80852742C1DB17D00BAE1A7 /* PBXTargetDependency */,
			);
			name = ImageFeedUITests;
			productName = ImageFeedUITests;
			productReference = C808526D2C1DB17D00BAE1A7 /* ImageFeedUITests.xctest */;
			productType = "com.apple.product-type.bundle.ui-testing";
		};
		C8260A8B2B80F7DE0045A798 /* ImageFeed */ = {
			isa = PBXNativeTarget;
			buildConfigurationList = C8260AA02B80F7DF0045A798 /* Build configuration list for PBXNativeTarget "ImageFeed" */;
			buildPhases = (
				C8260A882B80F7DE0045A798 /* Sources */,
				C8260A892B80F7DE0045A798 /* Frameworks */,
				C8260A8A2B80F7DE0045A798 /* Resources */,
			);
			buildRules = (
			);
			dependencies = (
			);
			name = ImageFeed;
			packageProductDependencies = (
				C8A37A3E2BDB8E3400D5D0A3 /* ProgressHUD */,
				C82714542BE3AA0900A54CF6 /* Kingfisher */,
				C82714572BE3B7D600A54CF6 /* SwiftKeychainWrapper */,
			);
			productName = ImageFeed;
			productReference = C8260A8C2B80F7DE0045A798 /* ImageFeed.app */;
			productType = "com.apple.product-type.application";
		};
/* End PBXNativeTarget section */

/* Begin PBXProject section */
		C8260A842B80F7DE0045A798 /* Project object */ = {
			isa = PBXProject;
			attributes = {
				BuildIndependentTargetsInParallel = 1;
				LastSwiftUpdateCheck = 1530;
				LastUpgradeCheck = 1520;
				TargetAttributes = {
					C80852592C1DA0C000BAE1A7 = {
						CreatedOnToolsVersion = 15.3;
						TestTargetID = C8260A8B2B80F7DE0045A798;
					};
					C808526C2C1DB17D00BAE1A7 = {
						CreatedOnToolsVersion = 15.3;
						TestTargetID = C8260A8B2B80F7DE0045A798;
					};
					C8260A8B2B80F7DE0045A798 = {
						CreatedOnToolsVersion = 15.2;
					};
				};
			};
			buildConfigurationList = C8260A872B80F7DE0045A798 /* Build configuration list for PBXProject "ImageFeed" */;
			compatibilityVersion = "Xcode 14.0";
			developmentRegion = en;
			hasScannedForEncodings = 0;
			knownRegions = (
				en,
				Base,
			);
			mainGroup = C8260A832B80F7DE0045A798;
			packageReferences = (
				C8A37A3D2BDB8E3400D5D0A3 /* XCRemoteSwiftPackageReference "ProgressHUD" */,
				C82714532BE3AA0900A54CF6 /* XCRemoteSwiftPackageReference "Kingfisher" */,
				C82714562BE3B7D600A54CF6 /* XCRemoteSwiftPackageReference "SwiftKeychainWrapper" */,
			);
			productRefGroup = C8260A8D2B80F7DE0045A798 /* Products */;
			projectDirPath = "";
			projectRoot = "";
			targets = (
				C8260A8B2B80F7DE0045A798 /* ImageFeed */,
				C80852592C1DA0C000BAE1A7 /* ImageFeedTests */,
				C808526C2C1DB17D00BAE1A7 /* ImageFeedUITests */,
			);
		};
/* End PBXProject section */

/* Begin PBXResourcesBuildPhase section */
		C80852582C1DA0C000BAE1A7 /* Resources */ = {
			isa = PBXResourcesBuildPhase;
			buildActionMask = 2147483647;
			files = (
			);
			runOnlyForDeploymentPostprocessing = 0;
		};
		C808526B2C1DB17D00BAE1A7 /* Resources */ = {
			isa = PBXResourcesBuildPhase;
			buildActionMask = 2147483647;
			files = (
			);
			runOnlyForDeploymentPostprocessing = 0;
		};
		C8260A8A2B80F7DE0045A798 /* Resources */ = {
			isa = PBXResourcesBuildPhase;
			buildActionMask = 2147483647;
			files = (
				C8260A9C2B80F7DF0045A798 /* LaunchScreen.storyboard in Resources */,
				C8A9C63C2BC6C4CF00CDACD5 /* SF-Pro.ttf in Resources */,
				C8260A992B80F7DF0045A798 /* Assets.xcassets in Resources */,
				C8260A972B80F7DE0045A798 /* Main.storyboard in Resources */,
			);
			runOnlyForDeploymentPostprocessing = 0;
		};
/* End PBXResourcesBuildPhase section */

/* Begin PBXSourcesBuildPhase section */
		C80852562C1DA0C000BAE1A7 /* Sources */ = {
			isa = PBXSourcesBuildPhase;
			buildActionMask = 2147483647;
			files = (
				C869D9022C248972000DB992 /* ProfilePresenterTests.swift in Sources */,
				C80852832C24711300BAE1A7 /* ImageListViewControllerTests.swift in Sources */,
				C808527F2C246DE200BAE1A7 /* ImagesListPresenterStub.swift in Sources */,
				C808525D2C1DA0C000BAE1A7 /* ImageFeedTests.swift in Sources */,
				C80852682C1DA6E700BAE1A7 /* WebViewViewControllerSpy.swift in Sources */,
				C80852662C1DA25800BAE1A7 /* WebViewPresenterSpy.swift in Sources */,
				C80852812C246E7800BAE1A7 /* ImagesListPresenterSpy.swift in Sources */,
				C869D9002C24892F000DB992 /* ProfileViewSpy.swift in Sources */,
			);
			runOnlyForDeploymentPostprocessing = 0;
		};
		C80852692C1DB17D00BAE1A7 /* Sources */ = {
			isa = PBXSourcesBuildPhase;
			buildActionMask = 2147483647;
			files = (
				C80852722C1DB17D00BAE1A7 /* ImageFeedUITestsLaunchTests.swift in Sources */,
				C80852702C1DB17D00BAE1A7 /* ImageFeedUITests.swift in Sources */,
			);
			runOnlyForDeploymentPostprocessing = 0;
		};
		C8260A882B80F7DE0045A798 /* Sources */ = {
			isa = PBXSourcesBuildPhase;
			buildActionMask = 2147483647;
			files = (
				C86AB5FC2BF8A1AF00B3720C /* Photo.swift in Sources */,
				C8B4CDB02BDE4F3800B81782 /* URLSessionExtension.swift in Sources */,
				C80852532C19B42D00BAE1A7 /* WebViewPresenter.swift in Sources */,
				C86AB5F92BF8A10100B3720C /* ImagesListService.swift in Sources */,
				C8A9C63E2BC6CFDD00CDACD5 /* WebViewViewController.swift in Sources */,
				C8260A942B80F7DE0045A798 /* ImagesListViewController.swift in Sources */,
				C8E569522BCFF12D007582EB /* OAuthTokenResponseBody.swift in Sources */,
				C8A37A412BDBCB7400D5D0A3 /* UIBlockingProgressHUD.swift in Sources */,
				C80852792C22EEA600BAE1A7 /* ProfilePresenter.swift in Sources */,
				C8260AC42B83D29B0045A798 /* ImagesListCell.swift in Sources */,
				C8D3FA162BD01D7F00427256 /* SplashViewController.swift in Sources */,
				C8A37A432BDBCE7200D5D0A3 /* ProfileService.swift in Sources */,
				C827145B2BE3BBF100A54CF6 /* TabBarController.swift in Sources */,
				C86AB5FE2BF8A4F400B3720C /* PhotoResult.swift in Sources */,
				C8F5C3C02BA0B6C20036AD4F /* SingleImageViewController.swift in Sources */,
				C80852552C1D9A6E00BAE1A7 /* AuthHelper.swift in Sources */,
				C8347AD32C15E69E007BD893 /* AlertModals.swift in Sources */,
				C8C6D1B12B95F59800C73FCD /* ProfileViewController.swift in Sources */,
				C8260A902B80F7DE0045A798 /* AppDelegate.swift in Sources */,
				C89A90F02C0DC72F00BF90C8 /* ProfileLogoutService.swift in Sources */,
				C8D3FA1A2BD1465200427256 /* NetworkError.swift in Sources */,
				C8260A922B80F7DE0045A798 /* SceneDelegate.swift in Sources */,
				C8F62DD82BC6A7D90056D4E3 /* AuthViewController.swift in Sources */,
				C8B4CDB22BE10CD700B81782 /* ProfileImageService.swift in Sources */,
				C8E5694D2BCEA421007582EB /* OAuth2Service.swift in Sources */,
				C8E569542BCFF4D4007582EB /* OAuth2TokenStorage.swift in Sources */,
				C8A37A492BDBD41B00D5D0A3 /* Profile.swift in Sources */,
				C8B4CDB42BE10D3100B81782 /* ProfileImage.swift in Sources */,
				C8A37A472BDBCF5200D5D0A3 /* ProfileResult.swift in Sources */,
				C8F62DD52BC415540056D4E3 /* AuthConfiguration.swift in Sources */,
				C808527B2C2429D300BAE1A7 /* ImageListPresenter.swift in Sources */,
			);
			runOnlyForDeploymentPostprocessing = 0;
		};
/* End PBXSourcesBuildPhase section */

/* Begin PBXTargetDependency section */
		C808525F2C1DA0C000BAE1A7 /* PBXTargetDependency */ = {
			isa = PBXTargetDependency;
			target = C8260A8B2B80F7DE0045A798 /* ImageFeed */;
			targetProxy = C808525E2C1DA0C000BAE1A7 /* PBXContainerItemProxy */;
		};
		C80852742C1DB17D00BAE1A7 /* PBXTargetDependency */ = {
			isa = PBXTargetDependency;
			target = C8260A8B2B80F7DE0045A798 /* ImageFeed */;
			targetProxy = C80852732C1DB17D00BAE1A7 /* PBXContainerItemProxy */;
		};
/* End PBXTargetDependency section */

/* Begin PBXVariantGroup section */
		C8260A952B80F7DE0045A798 /* Main.storyboard */ = {
			isa = PBXVariantGroup;
			children = (
				C8260A962B80F7DE0045A798 /* Base */,
			);
			name = Main.storyboard;
			sourceTree = "<group>";
		};
		C8260A9A2B80F7DF0045A798 /* LaunchScreen.storyboard */ = {
			isa = PBXVariantGroup;
			children = (
				C8260A9B2B80F7DF0045A798 /* Base */,
			);
			name = LaunchScreen.storyboard;
			sourceTree = "<group>";
		};
/* End PBXVariantGroup section */

/* Begin XCBuildConfiguration section */
		C80852612C1DA0C000BAE1A7 /* Debug */ = {
			isa = XCBuildConfiguration;
			buildSettings = {
				BUNDLE_LOADER = "$(TEST_HOST)";
				CODE_SIGN_STYLE = Automatic;
				CURRENT_PROJECT_VERSION = 1;
				DEVELOPMENT_TEAM = 6PAZ9BLJ5P;
				GENERATE_INFOPLIST_FILE = YES;
				IPHONEOS_DEPLOYMENT_TARGET = 17.4;
				MARKETING_VERSION = 1.0;
				PRODUCT_BUNDLE_IDENTIFIER = com.myorganization.ImageFeedTests;
				PRODUCT_NAME = "$(TARGET_NAME)";
				SWIFT_EMIT_LOC_STRINGS = NO;
				SWIFT_VERSION = 5.0;
				TARGETED_DEVICE_FAMILY = "1,2";
				TEST_HOST = "$(BUILT_PRODUCTS_DIR)/ImageFeed.app/$(BUNDLE_EXECUTABLE_FOLDER_PATH)/ImageFeed";
			};
			name = Debug;
		};
		C80852622C1DA0C000BAE1A7 /* Release */ = {
			isa = XCBuildConfiguration;
			buildSettings = {
				BUNDLE_LOADER = "$(TEST_HOST)";
				CODE_SIGN_STYLE = Automatic;
				CURRENT_PROJECT_VERSION = 1;
				DEVELOPMENT_TEAM = 6PAZ9BLJ5P;
				GENERATE_INFOPLIST_FILE = YES;
				IPHONEOS_DEPLOYMENT_TARGET = 17.4;
				MARKETING_VERSION = 1.0;
				PRODUCT_BUNDLE_IDENTIFIER = com.myorganization.ImageFeedTests;
				PRODUCT_NAME = "$(TARGET_NAME)";
				SWIFT_EMIT_LOC_STRINGS = NO;
				SWIFT_VERSION = 5.0;
				TARGETED_DEVICE_FAMILY = "1,2";
				TEST_HOST = "$(BUILT_PRODUCTS_DIR)/ImageFeed.app/$(BUNDLE_EXECUTABLE_FOLDER_PATH)/ImageFeed";
			};
			name = Release;
		};
		C80852762C1DB17D00BAE1A7 /* Debug */ = {
			isa = XCBuildConfiguration;
			buildSettings = {
				CODE_SIGN_STYLE = Automatic;
				CURRENT_PROJECT_VERSION = 1;
				DEVELOPMENT_TEAM = 6PAZ9BLJ5P;
				GENERATE_INFOPLIST_FILE = YES;
				IPHONEOS_DEPLOYMENT_TARGET = 17.4;
				MARKETING_VERSION = 1.0;
				PRODUCT_BUNDLE_IDENTIFIER = com.myorganization.ImageFeedUITests;
				PRODUCT_NAME = "$(TARGET_NAME)";
				SWIFT_EMIT_LOC_STRINGS = NO;
				SWIFT_VERSION = 5.0;
				TARGETED_DEVICE_FAMILY = "1,2";
				TEST_TARGET_NAME = ImageFeed;
			};
			name = Debug;
		};
		C80852772C1DB17D00BAE1A7 /* Release */ = {
			isa = XCBuildConfiguration;
			buildSettings = {
				CODE_SIGN_STYLE = Automatic;
				CURRENT_PROJECT_VERSION = 1;
				DEVELOPMENT_TEAM = 6PAZ9BLJ5P;
				GENERATE_INFOPLIST_FILE = YES;
				IPHONEOS_DEPLOYMENT_TARGET = 17.4;
				MARKETING_VERSION = 1.0;
				PRODUCT_BUNDLE_IDENTIFIER = com.myorganization.ImageFeedUITests;
				PRODUCT_NAME = "$(TARGET_NAME)";
				SWIFT_EMIT_LOC_STRINGS = NO;
				SWIFT_VERSION = 5.0;
				TARGETED_DEVICE_FAMILY = "1,2";
				TEST_TARGET_NAME = ImageFeed;
			};
			name = Release;
		};
		C8260A9E2B80F7DF0045A798 /* Debug */ = {
			isa = XCBuildConfiguration;
			buildSettings = {
				ALWAYS_SEARCH_USER_PATHS = NO;
				ASSETCATALOG_COMPILER_GENERATE_SWIFT_ASSET_SYMBOL_EXTENSIONS = YES;
				CLANG_ANALYZER_NONNULL = YES;
				CLANG_ANALYZER_NUMBER_OBJECT_CONVERSION = YES_AGGRESSIVE;
				CLANG_CXX_LANGUAGE_STANDARD = "gnu++20";
				CLANG_ENABLE_MODULES = YES;
				CLANG_ENABLE_OBJC_ARC = YES;
				CLANG_ENABLE_OBJC_WEAK = YES;
				CLANG_WARN_BLOCK_CAPTURE_AUTORELEASING = YES;
				CLANG_WARN_BOOL_CONVERSION = YES;
				CLANG_WARN_COMMA = YES;
				CLANG_WARN_CONSTANT_CONVERSION = YES;
				CLANG_WARN_DEPRECATED_OBJC_IMPLEMENTATIONS = YES;
				CLANG_WARN_DIRECT_OBJC_ISA_USAGE = YES_ERROR;
				CLANG_WARN_DOCUMENTATION_COMMENTS = YES;
				CLANG_WARN_EMPTY_BODY = YES;
				CLANG_WARN_ENUM_CONVERSION = YES;
				CLANG_WARN_INFINITE_RECURSION = YES;
				CLANG_WARN_INT_CONVERSION = YES;
				CLANG_WARN_NON_LITERAL_NULL_CONVERSION = YES;
				CLANG_WARN_OBJC_IMPLICIT_RETAIN_SELF = YES;
				CLANG_WARN_OBJC_LITERAL_CONVERSION = YES;
				CLANG_WARN_OBJC_ROOT_CLASS = YES_ERROR;
				CLANG_WARN_QUOTED_INCLUDE_IN_FRAMEWORK_HEADER = YES;
				CLANG_WARN_RANGE_LOOP_ANALYSIS = YES;
				CLANG_WARN_STRICT_PROTOTYPES = YES;
				CLANG_WARN_SUSPICIOUS_MOVE = YES;
				CLANG_WARN_UNGUARDED_AVAILABILITY = YES_AGGRESSIVE;
				CLANG_WARN_UNREACHABLE_CODE = YES;
				CLANG_WARN__DUPLICATE_METHOD_MATCH = YES;
				COPY_PHASE_STRIP = NO;
				DEBUG_INFORMATION_FORMAT = dwarf;
				ENABLE_STRICT_OBJC_MSGSEND = YES;
				ENABLE_TESTABILITY = YES;
				ENABLE_USER_SCRIPT_SANDBOXING = YES;
				GCC_C_LANGUAGE_STANDARD = gnu17;
				GCC_DYNAMIC_NO_PIC = NO;
				GCC_NO_COMMON_BLOCKS = YES;
				GCC_OPTIMIZATION_LEVEL = 0;
				GCC_PREPROCESSOR_DEFINITIONS = (
					"DEBUG=1",
					"$(inherited)",
				);
				GCC_WARN_64_TO_32_BIT_CONVERSION = YES;
				GCC_WARN_ABOUT_RETURN_TYPE = YES_ERROR;
				GCC_WARN_UNDECLARED_SELECTOR = YES;
				GCC_WARN_UNINITIALIZED_AUTOS = YES_AGGRESSIVE;
				GCC_WARN_UNUSED_FUNCTION = YES;
				GCC_WARN_UNUSED_VARIABLE = YES;
				IPHONEOS_DEPLOYMENT_TARGET = 17.2;
				LOCALIZATION_PREFERS_STRING_CATALOGS = YES;
				MTL_ENABLE_DEBUG_INFO = INCLUDE_SOURCE;
				MTL_FAST_MATH = YES;
				ONLY_ACTIVE_ARCH = YES;
				SDKROOT = iphoneos;
				SWIFT_ACTIVE_COMPILATION_CONDITIONS = "DEBUG $(inherited)";
				SWIFT_OPTIMIZATION_LEVEL = "-Onone";
			};
			name = Debug;
		};
		C8260A9F2B80F7DF0045A798 /* Release */ = {
			isa = XCBuildConfiguration;
			buildSettings = {
				ALWAYS_SEARCH_USER_PATHS = NO;
				ASSETCATALOG_COMPILER_GENERATE_SWIFT_ASSET_SYMBOL_EXTENSIONS = YES;
				CLANG_ANALYZER_NONNULL = YES;
				CLANG_ANALYZER_NUMBER_OBJECT_CONVERSION = YES_AGGRESSIVE;
				CLANG_CXX_LANGUAGE_STANDARD = "gnu++20";
				CLANG_ENABLE_MODULES = YES;
				CLANG_ENABLE_OBJC_ARC = YES;
				CLANG_ENABLE_OBJC_WEAK = YES;
				CLANG_WARN_BLOCK_CAPTURE_AUTORELEASING = YES;
				CLANG_WARN_BOOL_CONVERSION = YES;
				CLANG_WARN_COMMA = YES;
				CLANG_WARN_CONSTANT_CONVERSION = YES;
				CLANG_WARN_DEPRECATED_OBJC_IMPLEMENTATIONS = YES;
				CLANG_WARN_DIRECT_OBJC_ISA_USAGE = YES_ERROR;
				CLANG_WARN_DOCUMENTATION_COMMENTS = YES;
				CLANG_WARN_EMPTY_BODY = YES;
				CLANG_WARN_ENUM_CONVERSION = YES;
				CLANG_WARN_INFINITE_RECURSION = YES;
				CLANG_WARN_INT_CONVERSION = YES;
				CLANG_WARN_NON_LITERAL_NULL_CONVERSION = YES;
				CLANG_WARN_OBJC_IMPLICIT_RETAIN_SELF = YES;
				CLANG_WARN_OBJC_LITERAL_CONVERSION = YES;
				CLANG_WARN_OBJC_ROOT_CLASS = YES_ERROR;
				CLANG_WARN_QUOTED_INCLUDE_IN_FRAMEWORK_HEADER = YES;
				CLANG_WARN_RANGE_LOOP_ANALYSIS = YES;
				CLANG_WARN_STRICT_PROTOTYPES = YES;
				CLANG_WARN_SUSPICIOUS_MOVE = YES;
				CLANG_WARN_UNGUARDED_AVAILABILITY = YES_AGGRESSIVE;
				CLANG_WARN_UNREACHABLE_CODE = YES;
				CLANG_WARN__DUPLICATE_METHOD_MATCH = YES;
				COPY_PHASE_STRIP = NO;
				DEBUG_INFORMATION_FORMAT = "dwarf-with-dsym";
				ENABLE_NS_ASSERTIONS = NO;
				ENABLE_STRICT_OBJC_MSGSEND = YES;
				ENABLE_USER_SCRIPT_SANDBOXING = YES;
				GCC_C_LANGUAGE_STANDARD = gnu17;
				GCC_NO_COMMON_BLOCKS = YES;
				GCC_WARN_64_TO_32_BIT_CONVERSION = YES;
				GCC_WARN_ABOUT_RETURN_TYPE = YES_ERROR;
				GCC_WARN_UNDECLARED_SELECTOR = YES;
				GCC_WARN_UNINITIALIZED_AUTOS = YES_AGGRESSIVE;
				GCC_WARN_UNUSED_FUNCTION = YES;
				GCC_WARN_UNUSED_VARIABLE = YES;
				IPHONEOS_DEPLOYMENT_TARGET = 17.2;
				LOCALIZATION_PREFERS_STRING_CATALOGS = YES;
				MTL_ENABLE_DEBUG_INFO = NO;
				MTL_FAST_MATH = YES;
				SDKROOT = iphoneos;
				SWIFT_COMPILATION_MODE = wholemodule;
				VALIDATE_PRODUCT = YES;
			};
			name = Release;
		};
		C8260AA12B80F7DF0045A798 /* Debug */ = {
			isa = XCBuildConfiguration;
			buildSettings = {
				ASSETCATALOG_COMPILER_APPICON_NAME = AppIcon;
				ASSETCATALOG_COMPILER_GLOBAL_ACCENT_COLOR_NAME = AccentColor;
				CODE_SIGN_STYLE = Automatic;
				CURRENT_PROJECT_VERSION = 1;
				DEVELOPMENT_TEAM = 6PAZ9BLJ5P;
				ENABLE_USER_SCRIPT_SANDBOXING = NO;
				GENERATE_INFOPLIST_FILE = YES;
				INFOPLIST_FILE = ImageFeed/Info.plist;
				INFOPLIST_KEY_UIApplicationSupportsIndirectInputEvents = YES;
				INFOPLIST_KEY_UILaunchStoryboardName = LaunchScreen;
				INFOPLIST_KEY_UIMainStoryboardFile = Main;
				INFOPLIST_KEY_UISupportedInterfaceOrientations = UIInterfaceOrientationPortrait;
				INFOPLIST_KEY_UISupportedInterfaceOrientations_iPad = "UIInterfaceOrientationLandscapeLeft UIInterfaceOrientationLandscapeRight UIInterfaceOrientationPortrait UIInterfaceOrientationPortraitUpsideDown";
				IPHONEOS_DEPLOYMENT_TARGET = 13.0;
				LD_RUNPATH_SEARCH_PATHS = (
					"$(inherited)",
					"@executable_path/Frameworks",
				);
				MARKETING_VERSION = 1.0;
				PRODUCT_BUNDLE_IDENTIFIER = com.myorganization.ImageFeed;
				PRODUCT_NAME = "$(TARGET_NAME)";
				SUPPORTED_PLATFORMS = "iphoneos iphonesimulator";
				SUPPORTS_MACCATALYST = NO;
				SUPPORTS_MAC_DESIGNED_FOR_IPHONE_IPAD = NO;
				SUPPORTS_XR_DESIGNED_FOR_IPHONE_IPAD = NO;
				SWIFT_EMIT_LOC_STRINGS = YES;
				SWIFT_VERSION = 5.0;
				TARGETED_DEVICE_FAMILY = 1;
			};
			name = Debug;
		};
		C8260AA22B80F7DF0045A798 /* Release */ = {
			isa = XCBuildConfiguration;
			buildSettings = {
				ASSETCATALOG_COMPILER_APPICON_NAME = AppIcon;
				ASSETCATALOG_COMPILER_GLOBAL_ACCENT_COLOR_NAME = AccentColor;
				CODE_SIGN_STYLE = Automatic;
				CURRENT_PROJECT_VERSION = 1;
				DEVELOPMENT_TEAM = 6PAZ9BLJ5P;
				ENABLE_USER_SCRIPT_SANDBOXING = NO;
				GENERATE_INFOPLIST_FILE = YES;
				INFOPLIST_FILE = ImageFeed/Info.plist;
				INFOPLIST_KEY_UIApplicationSupportsIndirectInputEvents = YES;
				INFOPLIST_KEY_UILaunchStoryboardName = LaunchScreen;
				INFOPLIST_KEY_UIMainStoryboardFile = Main;
				INFOPLIST_KEY_UISupportedInterfaceOrientations = UIInterfaceOrientationPortrait;
				INFOPLIST_KEY_UISupportedInterfaceOrientations_iPad = "UIInterfaceOrientationLandscapeLeft UIInterfaceOrientationLandscapeRight UIInterfaceOrientationPortrait UIInterfaceOrientationPortraitUpsideDown";
				IPHONEOS_DEPLOYMENT_TARGET = 13.0;
				LD_RUNPATH_SEARCH_PATHS = (
					"$(inherited)",
					"@executable_path/Frameworks",
				);
				MARKETING_VERSION = 1.0;
				PRODUCT_BUNDLE_IDENTIFIER = com.myorganization.ImageFeed;
				PRODUCT_NAME = "$(TARGET_NAME)";
				SUPPORTED_PLATFORMS = "iphoneos iphonesimulator";
				SUPPORTS_MACCATALYST = NO;
				SUPPORTS_MAC_DESIGNED_FOR_IPHONE_IPAD = NO;
				SUPPORTS_XR_DESIGNED_FOR_IPHONE_IPAD = NO;
				SWIFT_EMIT_LOC_STRINGS = YES;
				SWIFT_VERSION = 5.0;
				TARGETED_DEVICE_FAMILY = 1;
			};
			name = Release;
		};
/* End XCBuildConfiguration section */

/* Begin XCConfigurationList section */
		C80852602C1DA0C000BAE1A7 /* Build configuration list for PBXNativeTarget "ImageFeedTests" */ = {
			isa = XCConfigurationList;
			buildConfigurations = (
				C80852612C1DA0C000BAE1A7 /* Debug */,
				C80852622C1DA0C000BAE1A7 /* Release */,
			);
			defaultConfigurationIsVisible = 0;
			defaultConfigurationName = Release;
		};
		C80852752C1DB17D00BAE1A7 /* Build configuration list for PBXNativeTarget "ImageFeedUITests" */ = {
			isa = XCConfigurationList;
			buildConfigurations = (
				C80852762C1DB17D00BAE1A7 /* Debug */,
				C80852772C1DB17D00BAE1A7 /* Release */,
			);
			defaultConfigurationIsVisible = 0;
			defaultConfigurationName = Release;
		};
		C8260A872B80F7DE0045A798 /* Build configuration list for PBXProject "ImageFeed" */ = {
			isa = XCConfigurationList;
			buildConfigurations = (
				C8260A9E2B80F7DF0045A798 /* Debug */,
				C8260A9F2B80F7DF0045A798 /* Release */,
			);
			defaultConfigurationIsVisible = 0;
			defaultConfigurationName = Release;
		};
		C8260AA02B80F7DF0045A798 /* Build configuration list for PBXNativeTarget "ImageFeed" */ = {
			isa = XCConfigurationList;
			buildConfigurations = (
				C8260AA12B80F7DF0045A798 /* Debug */,
				C8260AA22B80F7DF0045A798 /* Release */,
			);
			defaultConfigurationIsVisible = 0;
			defaultConfigurationName = Release;
		};
/* End XCConfigurationList section */

/* Begin XCRemoteSwiftPackageReference section */
		C82714532BE3AA0900A54CF6 /* XCRemoteSwiftPackageReference "Kingfisher" */ = {
			isa = XCRemoteSwiftPackageReference;
			repositoryURL = "https://github.com/onevcat/Kingfisher.git";
			requirement = {
				kind = upToNextMajorVersion;
				minimumVersion = 7.11.0;
			};
		};
		C82714562BE3B7D600A54CF6 /* XCRemoteSwiftPackageReference "SwiftKeychainWrapper" */ = {
			isa = XCRemoteSwiftPackageReference;
			repositoryURL = "https://github.com/jrendel/SwiftKeychainWrapper.git";
			requirement = {
				kind = upToNextMajorVersion;
				minimumVersion = 4.0.1;
			};
		};
		C8A37A3D2BDB8E3400D5D0A3 /* XCRemoteSwiftPackageReference "ProgressHUD" */ = {
			isa = XCRemoteSwiftPackageReference;
			repositoryURL = "https://github.com/relatedcode/ProgressHUD";
			requirement = {
				kind = upToNextMajorVersion;
				minimumVersion = 14.1.1;
			};
		};
/* End XCRemoteSwiftPackageReference section */

/* Begin XCSwiftPackageProductDependency section */
		C82714542BE3AA0900A54CF6 /* Kingfisher */ = {
			isa = XCSwiftPackageProductDependency;
			package = C82714532BE3AA0900A54CF6 /* XCRemoteSwiftPackageReference "Kingfisher" */;
			productName = Kingfisher;
		};
		C82714572BE3B7D600A54CF6 /* SwiftKeychainWrapper */ = {
			isa = XCSwiftPackageProductDependency;
			package = C82714562BE3B7D600A54CF6 /* XCRemoteSwiftPackageReference "SwiftKeychainWrapper" */;
			productName = SwiftKeychainWrapper;
		};
		C8A37A3E2BDB8E3400D5D0A3 /* ProgressHUD */ = {
			isa = XCSwiftPackageProductDependency;
			package = C8A37A3D2BDB8E3400D5D0A3 /* XCRemoteSwiftPackageReference "ProgressHUD" */;
			productName = ProgressHUD;
		};
/* End XCSwiftPackageProductDependency section */
	};
	rootObject = C8260A842B80F7DE0045A798 /* Project object */;
}
